{
  "registry": "blamechris/skill-templates",
  "skills": {
    "agent-review": {
      "hash": "5c35725",
      "installed": "2026-07-30",
      "profileHash": "d0531c0",
      "targets": [
        "claude"
      ]
    },
    "catchup": {
      "hash": "3f7f775",
      "installed": "2026-07-30",
      "profileHash": "d0531c0",
      "targets": [
        "claude"
      ]
    },
    "changelog": {
      "hash": "3254376",
      "installed": "2026-07-25",
      "profileHash": "d0531c0",
      "targets": [
        "claude"
      ]
    },
    "check-pr": {
      "hash": "cc062bc",
      "installed": "2026-07-25",
      "profileHash": "d0531c0",
      "targets": [
        "claude"
      ]
    },
    "create-issue": {
      "hash": "12b011f",
      "installed": "2026-07-25",
      "profileHash": "d0531c0",
      "targets": [
        "claude"
      ]
    },
    "create-pr": {
      "hash": "12b011f",
      "installed": "2026-07-25",
      "profileHash": "d0531c0",
      "targets": [
        "claude"
      ]
    },
    "decompose-issue": {
      "hash": "b4268c2",
      "installed": "2026-07-25",
      "profileHash": "d0531c0",
      "targets": [
        "claude"
      ]
    },
    "fix-ci": {
      "hash": "3768ea6",
      "installed": "2026-07-25",
      "profileHash": "d0531c0",
      "targets": [
        "claude"
      ]
    },
    "learn": {
      "hash": "df2de5e",
      "installed": "2026-07-30",
      "profileHash": "d0531c0",
      "targets": [
        "claude"
      ]
    },
    "manual-testing-mode": {
      "hash": "a1368f4",
      "installed": "2026-07-25",
      "profileHash": "d0531c0",
      "targets": [
        "claude"
      ]
    },
    "merge-gate": {
      "hash": "85269c8",
      "installed": "2026-07-25",
      "profileHash": "d0531c0",
      "targets": [
        "claude"
      ]
    },
    "session-lifecycle": {
      "hash": "f7bc0db",
      "installed": "2026-07-30",
      "profileHash": "d0531c0",
      "targets": [
        "claude"
      ]
    },
    "skill": {
      "hash": "7b4d37f",
      "installed": "2026-07-30",
      "profileHash": "d0531c0",
      "targets": [
        "claude"
      ]
    },
    "skill-profile": {
      "hash": "ea888eb",
      "installed": "2026-07-30",
      "profileHash": "d0531c0",
      "targets": [
        "claude"
      ]
    },
    "tiered-delegation": {
      "hash": "a9ed830",
      "installed": "2026-07-30",
      "profileHash": "d0531c0",
      "targets": [
        "claude"
      ]
    },
    "visual-brief": {
      "hash": "a85c799",
      "installed": "2026-07-30",
      "profileHash": "d0531c0",
      "targets": [
        "claude"
      ]
    }
  }
}
