{
  "registry": "blamechris/skill-templates",
  "skills": {
    "agent-review": {
      "hash": "a10ef75",
      "installed": "2026-07-25",
      "profileHash": "d0531c0",
      "targets": [
        "claude"
      ]
    },
    "changelog": {
      "hash": "3254376",
      "installed": "2026-07-25",
      "profileHash": "d0531c0",
      "targets": [
        "claude"
      ]
    },
    "check-pr": {
      "hash": "cc062bc",
      "installed": "2026-07-25",
      "profileHash": "d0531c0",
      "targets": [
        "claude"
      ]
    },
    "create-issue": {
      "hash": "12b011f",
      "installed": "2026-07-25",
      "profileHash": "d0531c0",
      "targets": [
        "claude"
      ]
    },
    "create-pr": {
      "hash": "12b011f",
      "installed": "2026-07-25",
      "profileHash": "d0531c0",
      "targets": [
        "claude"
      ]
    },
    "decompose-issue": {
      "hash": "b4268c2",
      "installed": "2026-07-25",
      "profileHash": "d0531c0",
      "targets": [
        "claude"
      ]
    },
    "fix-ci": {
      "hash": "3768ea6",
      "installed": "2026-07-25",
      "profileHash": "d0531c0",
      "targets": [
        "claude"
      ]
    },
    "manual-testing-mode": {
      "hash": "a1368f4",
      "installed": "2026-07-25",
      "profileHash": "d0531c0",
      "targets": [
        "claude"
      ]
    },
    "merge-gate": {
      "hash": "85269c8",
      "installed": "2026-07-25",
      "profileHash": "d0531c0",
      "targets": [
        "claude"
      ]
    },
    "prime-directive": {
      "hash": "d318c59",
      "installed": "2026-07-27",
      "profileHash": "d0531c0",
      "targets": [
        "claude"
      ]
    },
    "skill": {
      "hash": "f937026",
      "installed": "2026-07-25",
      "profileHash": "d0531c0",
      "targets": [
        "claude"
      ]
    },
    "skill-profile": {
      "hash": "8bc2550",
      "installed": "2026-07-25",
      "profileHash": "d0531c0",
      "targets": [
        "claude"
      ]
    },
    "tiered-delegation": {
      "hash": "01903fb",
      "installed": "2026-07-25",
      "profileHash": "d0531c0",
      "targets": [
        "claude"
      ]
    }
  }
}
